
Microsoft Visual Studio Solution File, Format Version 12.00
# Visual Studio 15
VisualStudioVersion = 15.0.28010.2050
MinimumVisualStudioVersion = 10.0.40219.1
Project("{8BC9CEB8-8B4A-11D0-8D11-00A0C91BC942}") = "basic", "basic.vcxproj", "{0589AC44-0CF3-40D8-8D89-68393CFD40F3}"
EndProject
Global
	GlobalSection(SolutionConfigurationPlatforms) = preSolution
		Debug|x64 = Debug|x64
		Debug|x86 = Debug|x86
		Release|x64 = Release|x64
		Release|x86 = Release|x86
	EndGlobalSection
	GlobalSection(ProjectConfigurationPlatforms) = postSolution
		{0589AC44-0CF3-40D8-8D89-68393CFD40F3}.Debug|x64.ActiveCfg = Debug|x64
		{0589AC44-0CF3-40D8-8D89-68393CFD40F3}.Debug|x64.Build.0 = Debug|x64
		{0589AC44-0CF3-40D8-8D89-68393CFD40F3}.Debug|x86.ActiveCfg = Debug|Win32
		{0589AC44-0CF3-40D8-8D89-68393CFD40F3}.Debug|x86.Build.0 = Debug|Win32
		{0589AC44-0CF3-40D8-8D89-68393CFD40F3}.Release|x64.ActiveCfg = Release|x64
		{0589AC44-0CF3-40D8-8D89-68393CFD40F3}.Release|x64.Build.0 = Release|x64
		{0589AC44-0CF3-40D8-8D89-68393CFD40F3}.Release|x86.ActiveCfg = Release|Win32
		{0589AC44-0CF3-40D8-8D89-68393CFD40F3}.Release|x86.Build.0 = Release|Win32
	EndGlobalSection
	GlobalSection(SolutionProperties) = preSolution
		HideSolutionNode = FALSE
	EndGlobalSection
	GlobalSection(ExtensibilityGlobals) = postSolution
		SolutionGuid = {055E97C4-43DC-41B4-8D61-4FDDBC7B1EF7}
	EndGlobalSection
EndGlobal
